{
  "nodes": {
    "crane": {
      "inputs": {
        "nixpkgs": [
          "nixpkgs"
        ]
      },
      "locked": {
        "lastModified": 1714864355,
        "narHash": "sha256-uXNW6bapWFfkYIkK1EagydSrFMqycOYEDSq75GmUpjk=",
        "owner": "ipetkov",
        "repo": "crane",
        "rev": "442a7a6152f49b907e73206dc8e1f46a61e8e873",
        "type": "github"
      },
      "original": {
        "owner": "ipetkov",
        "repo": "crane",
        "type": "github"
      }
    },
    "fenix": {
      "inputs": {
        "nixpkgs": [
          "nixpkgs"
        ],
        "rust-analyzer-src": "rust-analyzer-src"
      },
      "locked": {
        "lastModified": 1715063087,
        "narHash": "sha256-cktPkcCmJ2sR0V/FaWEuCWmKuGPbwoMltih/EfF0mXg=",
        "owner": "nix-community",
        "repo": "fenix",
        "rev": "f8f16c1f2c83bea4e51e6522d988ec8bfcc8420e",
        "type": "github"
      },
      "original": {
        "owner": "nix-community",
        "repo": "fenix",
        "type": "github"
      }
    },
    "nixpkgs": {
      "locked": {
        "lastModified": 1715037484,
        "narHash": "sha256-OUt8xQFmBU96Hmm4T9tOWTu4oCswCzoVl+pxSq/kiFc=",
        "owner": "NixOS",
        "repo": "nixpkgs",
        "rev": "ad7efee13e0d216bf29992311536fce1d3eefbef",
        "type": "github"
      },
      "original": {
        "owner": "NixOS",
        "ref": "nixpkgs-unstable",
        "repo": "nixpkgs",
        "type": "github"
      }
    },
    "parts": {
      "inputs": {
        "nixpkgs-lib": [
          "nixpkgs"
        ]
      },
      "locked": {
        "lastModified": 1714641030,
        "narHash": "sha256-yzcRNDoyVP7+SCNX0wmuDju1NUCt8Dz9+lyUXEI0dbI=",
        "owner": "hercules-ci",
        "repo": "flake-parts",
        "rev": "e5d10a24b66c3ea8f150e47dfdb0416ab7c3390e",
        "type": "github"
      },
      "original": {
        "owner": "hercules-ci",
        "repo": "flake-parts",
        "type": "github"
      }
    },
    "root": {
      "inputs": {
        "crane": "crane",
        "fenix": "fenix",
        "nixpkgs": "nixpkgs",
        "parts": "parts"
      }
    },
    "rust-analyzer-src": {
      "flake": false,
      "locked": {
        "lastModified": 1714936835,
        "narHash": "sha256-M+PpgfRMBfHo8Jb2ou/s3maAZbps0XnuHXQU9Hv9vL0=",
        "owner": "rust-lang",
        "repo": "rust-analyzer",
        "rev": "c4618fe14d39992fbbb85c2d6cad028a232c13d2",
        "type": "github"
      },
      "original": {
        "owner": "rust-lang",
        "ref": "nightly",
        "repo": "rust-analyzer",
        "type": "github"
      }
    }
  },
  "root": "root",
  "version": 7
}
